
Microsoft Visual Studio Solution File, Format Version 12.00
# Visual Studio Version 17
VisualStudioVersion = 17.4.33103.184
MinimumVisualStudioVersion = 10.0.40219.1
Project("{9A19103F-16F7-4668-BE54-9A1E7A4F7556}") = "CounterStrike", "CounterStrike.csproj", "{92F3B46C-D315-477D-B416-73E9651924F2}"
EndProject
Global
	GlobalSection(SolutionConfigurationPlatforms) = preSolution
		Debug|Any CPU = Debug|Any CPU
		Release|Any CPU = Release|Any CPU
	EndGlobalSection
	GlobalSection(ProjectConfigurationPlatforms) = postSolution
		{92F3B46C-D315-477D-B416-73E9651924F2}.Debug|Any CPU.ActiveCfg = Debug|Any CPU
		{92F3B46C-D315-477D-B416-73E9651924F2}.Debug|Any CPU.Build.0 = Debug|Any CPU
		{92F3B46C-D315-477D-B416-73E9651924F2}.Release|Any CPU.ActiveCfg = Release|Any CPU
		{92F3B46C-D315-477D-B416-73E9651924F2}.Release|Any CPU.Build.0 = Release|Any CPU
	EndGlobalSection
	GlobalSection(SolutionProperties) = preSolution
		HideSolutionNode = FALSE
	EndGlobalSection
	GlobalSection(ExtensibilityGlobals) = postSolution
		SolutionGuid = {26A63935-9B99-4B03-8AB9-A25E2F84AC2B}
	EndGlobalSection
EndGlobal
